
Microsoft Visual Studio Solution File, Format Version 12.00
# Visual Studio Version 16
VisualStudioVersion = 16.0.28922.388
MinimumVisualStudioVersion = 10.0.40219.1
Project("{FAE04EC0-301F-11D3-BF4B-00C04F79EFBC}") = "Logic", "Logic\Logic.csproj", "{09F95E49-3C9B-430D-B78D-657F2B4BB075}"
EndProject
Project("{FAE04EC0-301F-11D3-BF4B-00C04F79EFBC}") = "TUI", "TUI\TUI.csproj", "{DE176303-903B-439F-B7E1-E017EC155FFD}"
EndProject
Project("{FAE04EC0-301F-11D3-BF4B-00C04F79EFBC}") = "GUI", "GUI\GUI.csproj", "{7266132E-2DA4-4FEE-BB6C-F480EF1AFA35}"
EndProject
Global
	GlobalSection(SolutionConfigurationPlatforms) = preSolution
		Debug|Any CPU = Debug|Any CPU
		Release|Any CPU = Release|Any CPU
	EndGlobalSection
	GlobalSection(ProjectConfigurationPlatforms) = postSolution
		{09F95E49-3C9B-430D-B78D-657F2B4BB075}.Debug|Any CPU.ActiveCfg = Debug|Any CPU
		{09F95E49-3C9B-430D-B78D-657F2B4BB075}.Debug|Any CPU.Build.0 = Debug|Any CPU
		{09F95E49-3C9B-430D-B78D-657F2B4BB075}.Release|Any CPU.ActiveCfg = Release|Any CPU
		{09F95E49-3C9B-430D-B78D-657F2B4BB075}.Release|Any CPU.Build.0 = Release|Any CPU
		{DE176303-903B-439F-B7E1-E017EC155FFD}.Debug|Any CPU.ActiveCfg = Debug|Any CPU
		{DE176303-903B-439F-B7E1-E017EC155FFD}.Debug|Any CPU.Build.0 = Debug|Any CPU
		{DE176303-903B-439F-B7E1-E017EC155FFD}.Release|Any CPU.ActiveCfg = Release|Any CPU
		{DE176303-903B-439F-B7E1-E017EC155FFD}.Release|Any CPU.Build.0 = Release|Any CPU
		{7266132E-2DA4-4FEE-BB6C-F480EF1AFA35}.Debug|Any CPU.ActiveCfg = Debug|Any CPU
		{7266132E-2DA4-4FEE-BB6C-F480EF1AFA35}.Debug|Any CPU.Build.0 = Debug|Any CPU
		{7266132E-2DA4-4FEE-BB6C-F480EF1AFA35}.Release|Any CPU.ActiveCfg = Release|Any CPU
		{7266132E-2DA4-4FEE-BB6C-F480EF1AFA35}.Release|Any CPU.Build.0 = Release|Any CPU
	EndGlobalSection
	GlobalSection(SolutionProperties) = preSolution
		HideSolutionNode = FALSE
	EndGlobalSection
	GlobalSection(ExtensibilityGlobals) = postSolution
		SolutionGuid = {7728C51E-CCB5-402F-8DF8-43A94AAF1383}
	EndGlobalSection
EndGlobal
